# THIS IS AN AUTOGENERATED FILE. DO NOT EDIT THIS FILE DIRECTLY.
# yarn lockfile v1


"@bufbuild/protobuf@^1.4.2":
  version "1.6.0"
  resolved "https://registry.yarnpkg.com/@bufbuild/protobuf/-/protobuf-1.6.0.tgz#c33128f70330312e2bd78fd7e988576595b8f74d"
  integrity sha512-hp19vSFgNw3wBBcVBx5qo5pufCqjaJ0Cfk5H/pfjNOfNWU+4/w0QVOmfAOZNRrNWRrVuaJWxcN8P2vhOkkzbBQ==

"@livekit/rtc-node-darwin-arm64@0.0.5":
  version "0.0.5"
  resolved "https://registry.yarnpkg.com/@livekit/rtc-node-darwin-arm64/-/rtc-node-darwin-arm64-0.0.5.tgz#e4762d7a68a9f93a1df6a5a559c1d2f214e7215c"
  integrity sha512-l4jyQG3HjvG1W2SNiTASabdU1A+24iARPHXMcHTgsYN6dYK5wb4WT39kyfH3a7U3XlsrN5gYwcfPwylbSmHAsg==

"@livekit/rtc-node-darwin-x64@0.0.5":
  version "0.0.5"
  resolved "https://registry.yarnpkg.com/@livekit/rtc-node-darwin-x64/-/rtc-node-darwin-x64-0.0.5.tgz#9c4f6129b1501cbe1156b0ce6183ad1d08526d24"
  integrity sha512-iheJRI2mSVE8KqWF0nZz9+8BE6dhY2OyMPkMs4N2g9NBgPVcpdRiiFUkXyzmWeE0G8URX86QkpAu1NxJkXfzQg==

"@livekit/rtc-node-linux-arm64-gnu@0.0.5":
  version "0.0.5"
  resolved "https://registry.yarnpkg.com/@livekit/rtc-node-linux-arm64-gnu/-/rtc-node-linux-arm64-gnu-0.0.5.tgz#f25beadb9faee8699bb0d38f82979660f3be09f2"
  integrity sha512-AT4/i2YTwTHF5nBwycBZI3s8drt8nh1BBLwJSxZSqcRBVEXDLlIpdcjleX1LVx86k9A19yDSobuLJGgNxsKhkA==

"@livekit/rtc-node-linux-x64-gnu@0.0.5":
  version "0.0.5"
  resolved "https://registry.yarnpkg.com/@livekit/rtc-node-linux-x64-gnu/-/rtc-node-linux-x64-gnu-0.0.5.tgz#8b9d28c661f1b4b4021b7e7cd7dcb948fc8bf79b"
  integrity sha512-XisSVwdio4RBl91ieZj9V3AoEiUToOHwUH9tX2mgG5agAAkiZ9+FV11OmhysEq9FMM4eEfvGm2vEH5v070RoWA==

"@livekit/rtc-node-win32-x64-msvc@0.0.5":
  version "0.0.5"
  resolved "https://registry.yarnpkg.com/@livekit/rtc-node-win32-x64-msvc/-/rtc-node-win32-x64-msvc-0.0.5.tgz#a3e706ce0d836af244da23eda1ee31fbca51bdbe"
  integrity sha512-lYdNuSZJZYKk8vepEN6mYA2qrTmLQh7xGHMVM5YsA+6RnGxLjKklTQdoBF8JIoJhx8at9/uds5gaBJpNs5d6LQ==

"@livekit/rtc-node@^0.0.5":
  version "0.0.5"
  resolved "https://registry.yarnpkg.com/@livekit/rtc-node/-/rtc-node-0.0.5.tgz#37cbd481870acb873268a3a046b0110d9f4c60b7"
  integrity sha512-xUJQ9JAwnouGse9opXNdh5xB9Cg/hc3VEzfrrT6FDUqcx5UAKFgburlbcepwhgzk7xkij4nftl2GdFt3sPdaoQ==
  dependencies:
    "@bufbuild/protobuf" "^1.4.2"
    typed-emitter "^2.1.0"
  optionalDependencies:
    "@livekit/rtc-node-darwin-arm64" "0.0.5"
    "@livekit/rtc-node-darwin-x64" "0.0.5"
    "@livekit/rtc-node-linux-arm64-gnu" "0.0.5"
    "@livekit/rtc-node-linux-x64-gnu" "0.0.5"
    "@livekit/rtc-node-win32-x64-msvc" "0.0.5"

"@types/node@^20.10.4":
  version "20.10.4"
  resolved "https://registry.yarnpkg.com/@types/node/-/node-20.10.4.tgz#b246fd84d55d5b1b71bf51f964bd514409347198"
  integrity sha512-D08YG6rr8X90YB56tSIuBaddy/UXAA9RKJoFvrsnogAum/0pmjkgi4+2nx96A330FmioegBWmEYQ+syqCFaveg==
  dependencies:
    undici-types "~5.26.4"

rxjs@^7.5.2:
  version "7.8.1"
  resolved "https://registry.yarnpkg.com/rxjs/-/rxjs-7.8.1.tgz#6f6f3d99ea8044291efd92e7c7fcf562c4057543"
  integrity sha512-AA3TVj+0A2iuIoQkWEK/tqFjBq2j+6PO6Y0zJcvzLAFhEFIO3HL0vls9hWLncZbAAbK0mar7oZ4V079I/qPMxg==
  dependencies:
    tslib "^2.1.0"

tslib@^2.1.0:
  version "2.6.2"
  resolved "https://registry.yarnpkg.com/tslib/-/tslib-2.6.2.tgz#703ac29425e7b37cd6fd456e92404d46d1f3e4ae"
  integrity sha512-AEYxH93jGFPn/a2iVAwW87VuUIkR1FVUKB77NwMF7nBTDkDrrT/Hpt/IrCJ0QXhW27jTBDcf5ZY7w6RiqTMw2Q==

typed-emitter@^2.1.0:
  version "2.1.0"
  resolved "https://registry.yarnpkg.com/typed-emitter/-/typed-emitter-2.1.0.tgz#ca78e3d8ef1476f228f548d62e04e3d4d3fd77fb"
  integrity sha512-g/KzbYKbH5C2vPkaXGu8DJlHrGKHLsM25Zg9WuC9pMGfuvT+X25tZQWo5fK1BjBm8+UrVE9LDCvaY0CQk+fXDA==
  optionalDependencies:
    rxjs "^7.5.2"

undici-types@~5.26.4:
  version "5.26.5"
  resolved "https://registry.yarnpkg.com/undici-types/-/undici-types-5.26.5.tgz#bcd539893d00b56e964fd2657a4866b221a65617"
  integrity sha512-JlCMO+ehdEIKqlFxk6IfVoAUVmgz7cU7zD/h9XZ0qzeosSHmUJVOzSQvvYSYWXkFXC+IfLKSIffhv0sVZup6pA==
