# THIS IS AN AUTOGENERATED FILE. DO NOT EDIT THIS FILE DIRECTLY.
# yarn lockfile v1


"@bufbuild/protobuf@^1.4.2":
  version "1.6.0"
  resolved "https://registry.yarnpkg.com/@bufbuild/protobuf/-/protobuf-1.6.0.tgz#c33128f70330312e2bd78fd7e988576595b8f74d"
  integrity sha512-hp19vSFgNw3wBBcVBx5qo5pufCqjaJ0Cfk5H/pfjNOfNWU+4/w0QVOmfAOZNRrNWRrVuaJWxcN8P2vhOkkzbBQ==

"@livekit/rtc-node-darwin-arm64@0.0.1":
  version "0.0.1"
  resolved "https://registry.yarnpkg.com/@livekit/rtc-node-darwin-arm64/-/rtc-node-darwin-arm64-0.0.1.tgz#082045c86f06050fac5718f508bed0e1067c0b69"
  integrity sha512-L7rrqSlgdJvgqroTDOA4pIdWixIevrh7eMgu5wkfynpkk+Qbxs0dUmt4bWjkJNMbdwmI3GTYIYHoHrVxyejcdQ==

"@livekit/rtc-node-darwin-x64@0.0.1":
  version "0.0.1"
  resolved "https://registry.yarnpkg.com/@livekit/rtc-node-darwin-x64/-/rtc-node-darwin-x64-0.0.1.tgz#06dd3b7940b5bdd5b4d4856ffe564e30f2e7d3da"
  integrity sha512-mDI5+ooUdgH/hDjkaakxX5WyfHhG44y3iBOjprDuCub84LIlLa/RWytfAdk73MBJuj+Q8YGJf4TSpRxDVevzCQ==

"@livekit/rtc-node-linux-arm64-gnu@0.0.1":
  version "0.0.1"
  resolved "https://registry.yarnpkg.com/@livekit/rtc-node-linux-arm64-gnu/-/rtc-node-linux-arm64-gnu-0.0.1.tgz#ab823dc47e51ef9ccc6b579ce1887be8e4ee5a62"
  integrity sha512-HqsZQhUNCQOEjvWwH3uVyOeJIXeqH0nm+DhDrp0uq5pxvJwiSFSN7qTRjbvNA6MczW/tbOD2Oe8FGR4aJjDRBQ==

"@livekit/rtc-node-linux-x64-gnu@0.0.1":
  version "0.0.1"
  resolved "https://registry.yarnpkg.com/@livekit/rtc-node-linux-x64-gnu/-/rtc-node-linux-x64-gnu-0.0.1.tgz#643372fb57fa28ae1def1721fe7c976c9b789865"
  integrity sha512-bMT/QOF+VvXThEyb5dO160I9llWDPxPY+TuSe3qkp4kCOoGxi1FmgiHbqb1i7tKaTu86BN3eqqAS9hHeBpRQqA==

"@livekit/rtc-node-win32-x64-msvc@0.0.1":
  version "0.0.1"
  resolved "https://registry.yarnpkg.com/@livekit/rtc-node-win32-x64-msvc/-/rtc-node-win32-x64-msvc-0.0.1.tgz#51cdc5b8dd4b100398e688e7fe991d9941405b2f"
  integrity sha512-r1iAKWzVuLy973Kd4bRVBzF2rakPMdT/IHqM/Tm/4w1IkrdFy6kGM/o1ubBMwTlPHYhQtGdWADxlw0krvSPzJQ==

"@livekit/rtc-node@^0.0.1":
  version "0.0.1"
  resolved "https://registry.yarnpkg.com/@livekit/rtc-node/-/rtc-node-0.0.1.tgz#0a38cf4f6a8725fb8d32df2805e6246b3cc1856f"
  integrity sha512-HpkU6kry8mEVzEcyHrpkrnefF95W/H/lH04UEetfm4CfqmgDtqcU3gS/Ut10nYHxRb4/Q/PMwxJty71YLrtmkA==
  dependencies:
    "@bufbuild/protobuf" "^1.4.2"
  optionalDependencies:
    "@livekit/rtc-node-darwin-arm64" "0.0.1"
    "@livekit/rtc-node-darwin-x64" "0.0.1"
    "@livekit/rtc-node-linux-arm64-gnu" "0.0.1"
    "@livekit/rtc-node-linux-x64-gnu" "0.0.1"
    "@livekit/rtc-node-win32-x64-msvc" "0.0.1"
